
Microsoft Visual Studio Solution File, Format Version 12.00
# Visual Studio Version 17
VisualStudioVersion = 17.14.36623.8 d17.14
MinimumVisualStudioVersion = 10.0.40219.1
Project("{8BC9CEB8-8B4A-11D0-8D11-00A0C91BC942}") = "HorrorMaze", "HorrorMaze\HorrorMaze.vcxproj", "{E7E54E1F-C632-4A5C-A115-6BF606A58DF2}"
EndProject
Global
	GlobalSection(SolutionConfigurationPlatforms) = preSolution
		Debug|x64 = Debug|x64
		Debug|x86 = Debug|x86
		Release|x64 = Release|x64
		Release|x86 = Release|x86
	EndGlobalSection
	GlobalSection(ProjectConfigurationPlatforms) = postSolution
		{E7E54E1F-C632-4A5C-A115-6BF606A58DF2}.Debug|x64.ActiveCfg = Debug|x64
		{E7E54E1F-C632-4A5C-A115-6BF606A58DF2}.Debug|x64.Build.0 = Debug|x64
		{E7E54E1F-C632-4A5C-A115-6BF606A58DF2}.Debug|x86.ActiveCfg = Debug|Win32
		{E7E54E1F-C632-4A5C-A115-6BF606A58DF2}.Debug|x86.Build.0 = Debug|Win32
		{E7E54E1F-C632-4A5C-A115-6BF606A58DF2}.Release|x64.ActiveCfg = Release|x64
		{E7E54E1F-C632-4A5C-A115-6BF606A58DF2}.Release|x64.Build.0 = Release|x64
		{E7E54E1F-C632-4A5C-A115-6BF606A58DF2}.Release|x86.ActiveCfg = Release|Win32
		{E7E54E1F-C632-4A5C-A115-6BF606A58DF2}.Release|x86.Build.0 = Release|Win32
	EndGlobalSection
	GlobalSection(SolutionProperties) = preSolution
		HideSolutionNode = FALSE
	EndGlobalSection
	GlobalSection(ExtensibilityGlobals) = postSolution
		SolutionGuid = {88CA7DC7-C254-4F70-900F-F0996AAD0894}
	EndGlobalSection
EndGlobal
